
Microsoft Visual Studio Solution File, Format Version 12.00
# Visual Studio Version 17
VisualStudioVersion = 17.2.32317.152
MinimumVisualStudioVersion = 10.0.40219.1
Project("{2150E333-8FDC-42A3-9474-1A3956D46DE8}") = "PublishDemo", "PublishDemo", "{8C1F8095-32C2-466D-A399-065956585C40}"
	ProjectSection(SolutionItems) = preProject
		..\..\..\..\..\Users\axzxs\Desktop\.NET20TH.postman_collection.json = ..\..\..\..\..\Users\axzxs\Desktop\.NET20TH.postman_collection.json
	EndProjectSection
EndProject
Project("{9A19103F-16F7-4668-BE54-9A1E7A4F7556}") = "WebAPI02", "WebAPI02\WebAPI02.csproj", "{C2E031BC-05F0-4DB0-A77D-1E6669A7720B}"
EndProject
Project("{9A19103F-16F7-4668-BE54-9A1E7A4F7556}") = "WebAPI01", "WebAPI01\WebAPI01.csproj", "{A5233015-AB27-4578-A381-C3098A7AD73C}"
EndProject
Project("{9A19103F-16F7-4668-BE54-9A1E7A4F7556}") = "WebAPI03", "WebAPI03\WebAPI03.csproj", "{A471536A-5958-443F-BBB8-2AB9E292D39F}"
EndProject
Project("{2150E333-8FDC-42A3-9474-1A3956D46DE8}") = "DockerDemo", "DockerDemo", "{B3403782-7F26-4CC9-A1BF-ECCF2F657663}"
EndProject
Project("{FAE04EC0-301F-11D3-BF4B-00C04F79EFBC}") = "DockerDemo01", "DockerDemo01\DockerDemo01.csproj", "{C01D7820-0943-4558-A249-C42A794EC22B}"
EndProject
Global
	GlobalSection(SolutionConfigurationPlatforms) = preSolution
		Debug|Any CPU = Debug|Any CPU
		Release|Any CPU = Release|Any CPU
	EndGlobalSection
	GlobalSection(ProjectConfigurationPlatforms) = postSolution
		{C2E031BC-05F0-4DB0-A77D-1E6669A7720B}.Debug|Any CPU.ActiveCfg = Debug|Any CPU
		{C2E031BC-05F0-4DB0-A77D-1E6669A7720B}.Debug|Any CPU.Build.0 = Debug|Any CPU
		{C2E031BC-05F0-4DB0-A77D-1E6669A7720B}.Release|Any CPU.ActiveCfg = Release|Any CPU
		{C2E031BC-05F0-4DB0-A77D-1E6669A7720B}.Release|Any CPU.Build.0 = Release|Any CPU
		{A5233015-AB27-4578-A381-C3098A7AD73C}.Debug|Any CPU.ActiveCfg = Debug|Any CPU
		{A5233015-AB27-4578-A381-C3098A7AD73C}.Debug|Any CPU.Build.0 = Debug|Any CPU
		{A5233015-AB27-4578-A381-C3098A7AD73C}.Release|Any CPU.ActiveCfg = Release|Any CPU
		{A5233015-AB27-4578-A381-C3098A7AD73C}.Release|Any CPU.Build.0 = Release|Any CPU
		{A471536A-5958-443F-BBB8-2AB9E292D39F}.Debug|Any CPU.ActiveCfg = Debug|Any CPU
		{A471536A-5958-443F-BBB8-2AB9E292D39F}.Debug|Any CPU.Build.0 = Debug|Any CPU
		{A471536A-5958-443F-BBB8-2AB9E292D39F}.Release|Any CPU.ActiveCfg = Release|Any CPU
		{A471536A-5958-443F-BBB8-2AB9E292D39F}.Release|Any CPU.Build.0 = Release|Any CPU
		{C01D7820-0943-4558-A249-C42A794EC22B}.Debug|Any CPU.ActiveCfg = Debug|Any CPU
		{C01D7820-0943-4558-A249-C42A794EC22B}.Debug|Any CPU.Build.0 = Debug|Any CPU
		{C01D7820-0943-4558-A249-C42A794EC22B}.Release|Any CPU.ActiveCfg = Release|Any CPU
		{C01D7820-0943-4558-A249-C42A794EC22B}.Release|Any CPU.Build.0 = Release|Any CPU
	EndGlobalSection
	GlobalSection(SolutionProperties) = preSolution
		HideSolutionNode = FALSE
	EndGlobalSection
	GlobalSection(NestedProjects) = preSolution
		{C2E031BC-05F0-4DB0-A77D-1E6669A7720B} = {8C1F8095-32C2-466D-A399-065956585C40}
		{A5233015-AB27-4578-A381-C3098A7AD73C} = {8C1F8095-32C2-466D-A399-065956585C40}
		{A471536A-5958-443F-BBB8-2AB9E292D39F} = {8C1F8095-32C2-466D-A399-065956585C40}
		{C01D7820-0943-4558-A249-C42A794EC22B} = {B3403782-7F26-4CC9-A1BF-ECCF2F657663}
	EndGlobalSection
	GlobalSection(ExtensibilityGlobals) = postSolution
		SolutionGuid = {3E24236F-2A74-4CDC-8A84-FC3B03157C3B}
	EndGlobalSection
EndGlobal
