
Microsoft Visual Studio Solution File, Format Version 12.00
# Visual Studio Version 17
VisualStudioVersion = 17.2.32317.152
MinimumVisualStudioVersion = 10.0.40219.1
Project("{2150E333-8FDC-42A3-9474-1A3956D46DE8}") = "PublishDemo", "PublishDemo", "{8C1F8095-32C2-466D-A399-065956585C40}"
	ProjectSection(SolutionItems) = preProject
		..\..\..\..\..\Users\axzxs\Desktop\.NET20TH.postman_collection.json = ..\..\..\..\..\Users\axzxs\Desktop\.NET20TH.postman_collection.json
	EndProjectSection
EndProject
Project("{2150E333-8FDC-42A3-9474-1A3956D46DE8}") = "DockerDemo", "DockerDemo", "{B3403782-7F26-4CC9-A1BF-ECCF2F657663}"
EndProject
Project("{9A19103F-16F7-4668-BE54-9A1E7A4F7556}") = "WebAPI01", "PublishDemo\WebAPI01\WebAPI01.csproj", "{63D74FF6-1023-42FC-B574-C92A148D84F5}"
EndProject
Project("{9A19103F-16F7-4668-BE54-9A1E7A4F7556}") = "WebAPI02", "PublishDemo\WebAPI02\WebAPI02.csproj", "{E37ED454-D49B-49F5-9AA5-40A7191AA4EE}"
EndProject
Project("{9A19103F-16F7-4668-BE54-9A1E7A4F7556}") = "WebAPI03", "PublishDemo\WebAPI03\WebAPI03.csproj", "{868344E5-8F2D-419B-9D14-65A9279E2931}"
EndProject
Project("{9A19103F-16F7-4668-BE54-9A1E7A4F7556}") = "DockerDemo01", "DockerDemo\DockerDemo01\DockerDemo01.csproj", "{55983586-535A-4816-9393-1863B1C11F61}"
EndProject
Global
	GlobalSection(SolutionConfigurationPlatforms) = preSolution
		Debug|Any CPU = Debug|Any CPU
		Release|Any CPU = Release|Any CPU
	EndGlobalSection
	GlobalSection(ProjectConfigurationPlatforms) = postSolution
		{63D74FF6-1023-42FC-B574-C92A148D84F5}.Debug|Any CPU.ActiveCfg = Debug|Any CPU
		{63D74FF6-1023-42FC-B574-C92A148D84F5}.Debug|Any CPU.Build.0 = Debug|Any CPU
		{63D74FF6-1023-42FC-B574-C92A148D84F5}.Release|Any CPU.ActiveCfg = Release|Any CPU
		{63D74FF6-1023-42FC-B574-C92A148D84F5}.Release|Any CPU.Build.0 = Release|Any CPU
		{E37ED454-D49B-49F5-9AA5-40A7191AA4EE}.Debug|Any CPU.ActiveCfg = Debug|Any CPU
		{E37ED454-D49B-49F5-9AA5-40A7191AA4EE}.Debug|Any CPU.Build.0 = Debug|Any CPU
		{E37ED454-D49B-49F5-9AA5-40A7191AA4EE}.Release|Any CPU.ActiveCfg = Release|Any CPU
		{E37ED454-D49B-49F5-9AA5-40A7191AA4EE}.Release|Any CPU.Build.0 = Release|Any CPU
		{868344E5-8F2D-419B-9D14-65A9279E2931}.Debug|Any CPU.ActiveCfg = Debug|Any CPU
		{868344E5-8F2D-419B-9D14-65A9279E2931}.Debug|Any CPU.Build.0 = Debug|Any CPU
		{868344E5-8F2D-419B-9D14-65A9279E2931}.Release|Any CPU.ActiveCfg = Release|Any CPU
		{868344E5-8F2D-419B-9D14-65A9279E2931}.Release|Any CPU.Build.0 = Release|Any CPU
		{55983586-535A-4816-9393-1863B1C11F61}.Debug|Any CPU.ActiveCfg = Debug|Any CPU
		{55983586-535A-4816-9393-1863B1C11F61}.Debug|Any CPU.Build.0 = Debug|Any CPU
		{55983586-535A-4816-9393-1863B1C11F61}.Release|Any CPU.ActiveCfg = Release|Any CPU
		{55983586-535A-4816-9393-1863B1C11F61}.Release|Any CPU.Build.0 = Release|Any CPU
	EndGlobalSection
	GlobalSection(SolutionProperties) = preSolution
		HideSolutionNode = FALSE
	EndGlobalSection
	GlobalSection(NestedProjects) = preSolution
		{63D74FF6-1023-42FC-B574-C92A148D84F5} = {8C1F8095-32C2-466D-A399-065956585C40}
		{E37ED454-D49B-49F5-9AA5-40A7191AA4EE} = {8C1F8095-32C2-466D-A399-065956585C40}
		{868344E5-8F2D-419B-9D14-65A9279E2931} = {8C1F8095-32C2-466D-A399-065956585C40}
		{55983586-535A-4816-9393-1863B1C11F61} = {B3403782-7F26-4CC9-A1BF-ECCF2F657663}
	EndGlobalSection
	GlobalSection(ExtensibilityGlobals) = postSolution
		SolutionGuid = {3E24236F-2A74-4CDC-8A84-FC3B03157C3B}
	EndGlobalSection
EndGlobal
